
Microsoft Visual Studio Solution File, Format Version 12.00
# Visual Studio Version 17
VisualStudioVersion = 17.0.32112.339
MinimumVisualStudioVersion = 10.0.40219.1
Project("{FAE04EC0-301F-11D3-BF4B-00C04F79EFBC}") = "Historiales Medicos", "Historiales Medicos\Historiales Medicos.csproj", "{B79A7C95-E026-4C28-B94F-A9240892360B}"
EndProject
Global
	GlobalSection(SolutionConfigurationPlatforms) = preSolution
		Debug|Any CPU = Debug|Any CPU
		Release|Any CPU = Release|Any CPU
	EndGlobalSection
	GlobalSection(ProjectConfigurationPlatforms) = postSolution
		{B79A7C95-E026-4C28-B94F-A9240892360B}.Debug|Any CPU.ActiveCfg = Debug|Any CPU
		{B79A7C95-E026-4C28-B94F-A9240892360B}.Debug|Any CPU.Build.0 = Debug|Any CPU
		{B79A7C95-E026-4C28-B94F-A9240892360B}.Release|Any CPU.ActiveCfg = Release|Any CPU
		{B79A7C95-E026-4C28-B94F-A9240892360B}.Release|Any CPU.Build.0 = Release|Any CPU
	EndGlobalSection
	GlobalSection(SolutionProperties) = preSolution
		HideSolutionNode = FALSE
	EndGlobalSection
	GlobalSection(ExtensibilityGlobals) = postSolution
		SolutionGuid = {75006A08-DA5D-441E-A84E-C67FEBE2D00C}
	EndGlobalSection
EndGlobal
